// !$*UTF8*$!
{
	archiveVersion = 1;
	classes = {
	};
	objectVersion = 48;
	objects = {

/* Begin PBXBuildFile section */
		14D910F3CD7EC378AF2D39F5 /* Pods_GospelLibraryTests.framework in Frameworks */ = {isa = PBXBuildFile; fileRef = 9FDD957D5903C22F2476898A /* Pods_GospelLibraryTests.framework */; };
		D48EBC611F85300F0049CA42 /* AppDelegate.swift in Sources */ = {isa = PBXBuildFile; fileRef = D48EBC601F85300F0049CA42 /* AppDelegate.swift */; };
		D48EBC631F85300F0049CA42 /* ViewController.swift in Sources */ = {isa = PBXBuildFile; fileRef = D48EBC621F85300F0049CA42 /* ViewController.swift */; };
		D48EBC661F85300F0049CA42 /* Main.storyboard in Resources */ = {isa = PBXBuildFile; fileRef = D48EBC641F85300F0049CA42 /* Main.storyboard */; };
		D48EBC681F85300F0049CA42 /* Assets.xcassets in Resources */ = {isa = PBXBuildFile; fileRef = D48EBC671F85300F0049CA42 /* Assets.xcassets */; };
		D48EBC6B1F85300F0049CA42 /* LaunchScreen.storyboard in Resources */ = {isa = PBXBuildFile; fileRef = D48EBC691F85300F0049CA42 /* LaunchScreen.storyboard */; };
		D48EBC761F8530100049CA42 /* GospelLibraryTests.swift in Sources */ = {isa = PBXBuildFile; fileRef = D48EBC751F8530100049CA42 /* GospelLibraryTests.swift */; };
		D48EBC871F8530960049CA42 /* GospelLibraryIntegrationTests.swift in Sources */ = {isa = PBXBuildFile; fileRef = D48EBC861F8530960049CA42 /* GospelLibraryIntegrationTests.swift */; };
		FFCFF2F5203C86B1FB84C07E /* Pods_GospelLibrary.framework in Frameworks */ = {isa = PBXBuildFile; fileRef = 65950C604A182D2A26CBE976 /* Pods_GospelLibrary.framework */; };
/* End PBXBuildFile section */

/* Begin PBXContainerItemProxy section */
		D48EBC721F8530100049CA42 /* PBXContainerItemProxy */ = {
			isa = PBXContainerItemProxy;
			containerPortal = D48EBC551F85300F0049CA42 /* Project object */;
			proxyType = 1;
			remoteGlobalIDString = D48EBC5C1F85300F0049CA42;
			remoteInfo = GospelLibrary;
		};
		D48EBC891F8530960049CA42 /* PBXContainerItemProxy */ = {
			isa = PBXContainerItemProxy;
			containerPortal = D48EBC551F85300F0049CA42 /* Project object */;
			proxyType = 1;
			remoteGlobalIDString = D48EBC5C1F85300F0049CA42;
			remoteInfo = GospelLibrary;
		};
/* End PBXContainerItemProxy section */

/* Begin PBXFileReference section */
		2E4A125C6C74888D4A65F17B /* Pods-GospelLibrary.release.xcconfig */ = {isa = PBXFileReference; includeInIndex = 1; lastKnownFileType = text.xcconfig; name = "Pods-GospelLibrary.release.xcconfig"; path = "Pods/Target Support Files/Pods-GospelLibrary/Pods-GospelLibrary.release.xcconfig"; sourceTree = "<group>"; };
		65950C604A182D2A26CBE976 /* Pods_GospelLibrary.framework */ = {isa = PBXFileReference; explicitFileType = wrapper.framework; includeInIndex = 0; path = Pods_GospelLibrary.framework; sourceTree = BUILT_PRODUCTS_DIR; };
		9067AEB5A871680D7F3CEA73 /* Pods-GospelLibraryTests.release.xcconfig */ = {isa = PBXFileReference; includeInIndex = 1; lastKnownFileType = text.xcconfig; name = "Pods-GospelLibraryTests.release.xcconfig"; path = "Pods/Target Support Files/Pods-GospelLibraryTests/Pods-GospelLibraryTests.release.xcconfig"; sourceTree = "<group>"; };
		9933DD664F37B052B4CEB18A /* Pods-GospelLibrary.debug.xcconfig */ = {isa = PBXFileReference; includeInIndex = 1; lastKnownFileType = text.xcconfig; name = "Pods-GospelLibrary.debug.xcconfig"; path = "Pods/Target Support Files/Pods-GospelLibrary/Pods-GospelLibrary.debug.xcconfig"; sourceTree = "<group>"; };
		9FDD957D5903C22F2476898A /* Pods_GospelLibraryTests.framework */ = {isa = PBXFileReference; explicitFileType = wrapper.framework; includeInIndex = 0; path = Pods_GospelLibraryTests.framework; sourceTree = BUILT_PRODUCTS_DIR; };
		B9518AFCB0FCD1F48145A333 /* Pods-GospelLibraryTests.debug.xcconfig */ = {isa = PBXFileReference; includeInIndex = 1; lastKnownFileType = text.xcconfig; name = "Pods-GospelLibraryTests.debug.xcconfig"; path = "Pods/Target Support Files/Pods-GospelLibraryTests/Pods-GospelLibraryTests.debug.xcconfig"; sourceTree = "<group>"; };
		D48EBC5D1F85300F0049CA42 /* GospelLibrary.app */ = {isa = PBXFileReference; explicitFileType = wrapper.application; includeInIndex = 0; path = GospelLibrary.app; sourceTree = BUILT_PRODUCTS_DIR; };
		D48EBC601F85300F0049CA42 /* AppDelegate.swift */ = {isa = PBXFileReference; lastKnownFileType = sourcecode.swift; path = AppDelegate.swift; sourceTree = "<group>"; };
		D48EBC621F85300F0049CA42 /* ViewController.swift */ = {isa = PBXFileReference; lastKnownFileType = sourcecode.swift; path = ViewController.swift; sourceTree = "<group>"; };
		D48EBC651F85300F0049CA42 /* Base */ = {isa = PBXFileReference; lastKnownFileType = file.storyboard; name = Base; path = Base.lproj/Main.storyboard; sourceTree = "<group>"; };
		D48EBC671F85300F0049CA42 /* Assets.xcassets */ = {isa = PBXFileReference; lastKnownFileType = folder.assetcatalog; path = Assets.xcassets; sourceTree = "<group>"; };
		D48EBC6A1F85300F0049CA42 /* Base */ = {isa = PBXFileReference; lastKnownFileType = file.storyboard; name = Base; path = Base.lproj/LaunchScreen.storyboard; sourceTree = "<group>"; };
		D48EBC6C1F85300F0049CA42 /* Info.plist */ = {isa = PBXFileReference; lastKnownFileType = text.plist.xml; path = Info.plist; sourceTree = "<group>"; };
		D48EBC711F8530100049CA42 /* GospelLibraryTests.xctest */ = {isa = PBXFileReference; explicitFileType = wrapper.cfbundle; includeInIndex = 0; path = GospelLibraryTests.xctest; sourceTree = BUILT_PRODUCTS_DIR; };
		D48EBC751F8530100049CA42 /* GospelLibraryTests.swift */ = {isa = PBXFileReference; lastKnownFileType = sourcecode.swift; path = GospelLibraryTests.swift; sourceTree = "<group>"; };
		D48EBC771F8530100049CA42 /* Info.plist */ = {isa = PBXFileReference; lastKnownFileType = text.plist.xml; path = Info.plist; sourceTree = "<group>"; };
		D48EBC841F8530960049CA42 /* GospelLibraryIntegrationTests.xctest */ = {isa = PBXFileReference; explicitFileType = wrapper.cfbundle; includeInIndex = 0; path = GospelLibraryIntegrationTests.xctest; sourceTree = BUILT_PRODUCTS_DIR; };
		D48EBC861F8530960049CA42 /* GospelLibraryIntegrationTests.swift */ = {isa = PBXFileReference; lastKnownFileType = sourcecode.swift; path = GospelLibraryIntegrationTests.swift; sourceTree = "<group>"; };
		D48EBC881F8530960049CA42 /* Info.plist */ = {isa = PBXFileReference; lastKnownFileType = text.plist.xml; path = Info.plist; sourceTree = "<group>"; };
/* End PBXFileReference section */

/* Begin PBXFrameworksBuildPhase section */
		D48EBC5A1F85300F0049CA42 /* Frameworks */ = {
			isa = PBXFrameworksBuildPhase;
			buildActionMask = 2147483647;
			files = (
				FFCFF2F5203C86B1FB84C07E /* Pods_GospelLibrary.framework in Frameworks */,
			);
			runOnlyForDeploymentPostprocessing = 0;
		};
		D48EBC6E1F8530100049CA42 /* Frameworks */ = {
			isa = PBXFrameworksBuildPhase;
			buildActionMask = 2147483647;
			files = (
				14D910F3CD7EC378AF2D39F5 /* Pods_GospelLibraryTests.framework in Frameworks */,
			);
			runOnlyForDeploymentPostprocessing = 0;
		};
		D48EBC811F8530960049CA42 /* Frameworks */ = {
			isa = PBXFrameworksBuildPhase;
			buildActionMask = 2147483647;
			files = (
			);
			runOnlyForDeploymentPostprocessing = 0;
		};
/* End PBXFrameworksBuildPhase section */

/* Begin PBXGroup section */
		64A8CC6118823A0D8C8A1635 /* Pods */ = {
			isa = PBXGroup;
			children = (
				9933DD664F37B052B4CEB18A /* Pods-GospelLibrary.debug.xcconfig */,
				2E4A125C6C74888D4A65F17B /* Pods-GospelLibrary.release.xcconfig */,
				B9518AFCB0FCD1F48145A333 /* Pods-GospelLibraryTests.debug.xcconfig */,
				9067AEB5A871680D7F3CEA73 /* Pods-GospelLibraryTests.release.xcconfig */,
			);
			name = Pods;
			sourceTree = "<group>";
		};
		B167A809216D068467541F6A /* Frameworks */ = {
			isa = PBXGroup;
			children = (
				65950C604A182D2A26CBE976 /* Pods_GospelLibrary.framework */,
				9FDD957D5903C22F2476898A /* Pods_GospelLibraryTests.framework */,
			);
			name = Frameworks;
			sourceTree = "<group>";
		};
		D48EBC541F85300F0049CA42 = {
			isa = PBXGroup;
			children = (
				D48EBC5F1F85300F0049CA42 /* GospelLibrary */,
				D48EBC741F8530100049CA42 /* GospelLibraryTests */,
				D48EBC851F8530960049CA42 /* GospelLibraryIntegrationTests */,
				D48EBC5E1F85300F0049CA42 /* Products */,
				64A8CC6118823A0D8C8A1635 /* Pods */,
				B167A809216D068467541F6A /* Frameworks */,
			);
			sourceTree = "<group>";
		};
		D48EBC5E1F85300F0049CA42 /* Products */ = {
			isa = PBXGroup;
			children = (
				D48EBC5D1F85300F0049CA42 /* GospelLibrary.app */,
				D48EBC711F8530100049CA42 /* GospelLibraryTests.xctest */,
				D48EBC841F8530960049CA42 /* GospelLibraryIntegrationTests.xctest */,
			);
			name = Products;
			sourceTree = "<group>";
		};
		D48EBC5F1F85300F0049CA42 /* GospelLibrary */ = {
			isa = PBXGroup;
			children = (
				D48EBC601F85300F0049CA42 /* AppDelegate.swift */,
				D48EBC621F85300F0049CA42 /* ViewController.swift */,
				D48EBC641F85300F0049CA42 /* Main.storyboard */,
				D48EBC671F85300F0049CA42 /* Assets.xcassets */,
				D48EBC691F85300F0049CA42 /* LaunchScreen.storyboard */,
				D48EBC6C1F85300F0049CA42 /* Info.plist */,
			);
			path = GospelLibrary;
			sourceTree = "<group>";
		};
		D48EBC741F8530100049CA42 /* GospelLibraryTests */ = {
			isa = PBXGroup;
			children = (
				D48EBC751F8530100049CA42 /* GospelLibraryTests.swift */,
				D48EBC771F8530100049CA42 /* Info.plist */,
			);
			path = GospelLibraryTests;
			sourceTree = "<group>";
		};
		D48EBC851F8530960049CA42 /* GospelLibraryIntegrationTests */ = {
			isa = PBXGroup;
			children = (
				D48EBC861F8530960049CA42 /* GospelLibraryIntegrationTests.swift */,
				D48EBC881F8530960049CA42 /* Info.plist */,
			);
			path = GospelLibraryIntegrationTests;
			sourceTree = "<group>";
		};
/* End PBXGroup section */

/* Begin PBXNativeTarget section */
		D48EBC5C1F85300F0049CA42 /* GospelLibrary */ = {
			isa = PBXNativeTarget;
			buildConfigurationList = D48EBC7A1F8530100049CA42 /* Build configuration list for PBXNativeTarget "GospelLibrary" */;
			buildPhases = (
				E3ABF70C042888B647426391 /* [CP] Check Pods Manifest.lock */,
				D48EBC591F85300F0049CA42 /* Sources */,
				D48EBC5A1F85300F0049CA42 /* Frameworks */,
				D48EBC5B1F85300F0049CA42 /* Resources */,
				7426F28A3CBF322BCA3DB516 /* [CP] Embed Pods Frameworks */,
				2296468AF6EFDD1E1F1C6BBE /* [CP] Copy Pods Resources */,
			);
			buildRules = (
			);
			dependencies = (
			);
			name = GospelLibrary;
			productName = GospelLibrary;
			productReference = D48EBC5D1F85300F0049CA42 /* GospelLibrary.app */;
			productType = "com.apple.product-type.application";
		};
		D48EBC701F8530100049CA42 /* GospelLibraryTests */ = {
			isa = PBXNativeTarget;
			buildConfigurationList = D48EBC7D1F8530100049CA42 /* Build configuration list for PBXNativeTarget "GospelLibraryTests" */;
			buildPhases = (
				95297481EF368BF4BB0834C2 /* [CP] Check Pods Manifest.lock */,
				D48EBC6D1F8530100049CA42 /* Sources */,
				D48EBC6E1F8530100049CA42 /* Frameworks */,
				D48EBC6F1F8530100049CA42 /* Resources */,
				B510641F71B6F320F1B01DA0 /* [CP] Embed Pods Frameworks */,
				8BCBAD95582E79551741FB1A /* [CP] Copy Pods Resources */,
			);
			buildRules = (
			);
			dependencies = (
				D48EBC731F8530100049CA42 /* PBXTargetDependency */,
			);
			name = GospelLibraryTests;
			productName = GospelLibraryTests;
			productReference = D48EBC711F8530100049CA42 /* GospelLibraryTests.xctest */;
			productType = "com.apple.product-type.bundle.unit-test";
		};
		D48EBC831F8530960049CA42 /* GospelLibraryIntegrationTests */ = {
			isa = PBXNativeTarget;
			buildConfigurationList = D48EBC8D1F8530960049CA42 /* Build configuration list for PBXNativeTarget "GospelLibraryIntegrationTests" */;
			buildPhases = (
				D48EBC801F8530960049CA42 /* Sources */,
				D48EBC811F8530960049CA42 /* Frameworks */,
				D48EBC821F8530960049CA42 /* Resources */,
			);
			buildRules = (
			);
			dependencies = (
				D48EBC8A1F8530960049CA42 /* PBXTargetDependency */,
			);
			name = GospelLibraryIntegrationTests;
			productName = GospelLibraryIntegrationTests;
			productReference = D48EBC841F8530960049CA42 /* GospelLibraryIntegrationTests.xctest */;
			productType = "com.apple.product-type.bundle.unit-test";
		};
/* End PBXNativeTarget section */

/* Begin PBXProject section */
		D48EBC551F85300F0049CA42 /* Project object */ = {
			isa = PBXProject;
			attributes = {
				LastSwiftUpdateCheck = 0900;
				LastUpgradeCheck = 0900;
				ORGANIZATIONNAME = "Stephan Heilner";
				TargetAttributes = {
					D48EBC5C1F85300F0049CA42 = {
						CreatedOnToolsVersion = 9.0;
						ProvisioningStyle = Automatic;
					};
					D48EBC701F8530100049CA42 = {
						CreatedOnToolsVersion = 9.0;
						ProvisioningStyle = Automatic;
						TestTargetID = D48EBC5C1F85300F0049CA42;
					};
					D48EBC831F8530960049CA42 = {
						CreatedOnToolsVersion = 9.0;
						ProvisioningStyle = Automatic;
						TestTargetID = D48EBC5C1F85300F0049CA42;
					};
				};
			};
			buildConfigurationList = D48EBC581F85300F0049CA42 /* Build configuration list for PBXProject "GospelLibrary" */;
			compatibilityVersion = "Xcode 8.0";
			developmentRegion = en;
			hasScannedForEncodings = 0;
			knownRegions = (
				en,
				Base,
			);
			mainGroup = D48EBC541F85300F0049CA42;
			productRefGroup = D48EBC5E1F85300F0049CA42 /* Products */;
			projectDirPath = "";
			projectRoot = "";
			targets = (
				D48EBC5C1F85300F0049CA42 /* GospelLibrary */,
				D48EBC701F8530100049CA42 /* GospelLibraryTests */,
				D48EBC831F8530960049CA42 /* GospelLibraryIntegrationTests */,
			);
		};
/* End PBXProject section */

/* Begin PBXResourcesBuildPhase section */
		D48EBC5B1F85300F0049CA42 /* Resources */ = {
			isa = PBXResourcesBuildPhase;
			buildActionMask = 2147483647;
			files = (
				D48EBC6B1F85300F0049CA42 /* LaunchScreen.storyboard in Resources */,
				D48EBC681F85300F0049CA42 /* Assets.xcassets in Resources */,
				D48EBC661F85300F0049CA42 /* Main.storyboard in Resources */,
			);
			runOnlyForDeploymentPostprocessing = 0;
		};
		D48EBC6F1F8530100049CA42 /* Resources */ = {
			isa = PBXResourcesBuildPhase;
			buildActionMask = 2147483647;
			files = (
			);
			runOnlyForDeploymentPostprocessing = 0;
		};
		D48EBC821F8530960049CA42 /* Resources */ = {
			isa = PBXResourcesBuildPhase;
			buildActionMask = 2147483647;
			files = (
			);
			runOnlyForDeploymentPostprocessing = 0;
		};
/* End PBXResourcesBuildPhase section */

/* Begin PBXShellScriptBuildPhase section */
		2296468AF6EFDD1E1F1C6BBE /* [CP] Copy Pods Resources */ = {
			isa = PBXShellScriptBuildPhase;
			buildActionMask = 2147483647;
			files = (
			);
			inputPaths = (
			);
			name = "[CP] Copy Pods Resources";
			outputPaths = (
			);
			runOnlyForDeploymentPostprocessing = 0;
			shellPath = /bin/sh;
			shellScript = "\"${SRCROOT}/Pods/Target Support Files/Pods-GospelLibrary/Pods-GospelLibrary-resources.sh\"\n";
			showEnvVarsInLog = 0;
		};
		7426F28A3CBF322BCA3DB516 /* [CP] Embed Pods Frameworks */ = {
			isa = PBXShellScriptBuildPhase;
			buildActionMask = 2147483647;
			files = (
			);
			inputPaths = (
			);
			name = "[CP] Embed Pods Frameworks";
			outputPaths = (
			);
			runOnlyForDeploymentPostprocessing = 0;
			shellPath = /bin/sh;
			shellScript = "\"${SRCROOT}/Pods/Target Support Files/Pods-GospelLibrary/Pods-GospelLibrary-frameworks.sh\"\n";
			showEnvVarsInLog = 0;
		};
		8BCBAD95582E79551741FB1A /* [CP] Copy Pods Resources */ = {
			isa = PBXShellScriptBuildPhase;
			buildActionMask = 2147483647;
			files = (
			);
			inputPaths = (
			);
			name = "[CP] Copy Pods Resources";
			outputPaths = (
			);
			runOnlyForDeploymentPostprocessing = 0;
			shellPath = /bin/sh;
			shellScript = "\"${SRCROOT}/Pods/Target Support Files/Pods-GospelLibraryTests/Pods-GospelLibraryTests-resources.sh\"\n";
			showEnvVarsInLog = 0;
		};
		95297481EF368BF4BB0834C2 /* [CP] Check Pods Manifest.lock */ = {
			isa = PBXShellScriptBuildPhase;
			buildActionMask = 2147483647;
			files = (
			);
			inputPaths = (
				"${PODS_PODFILE_DIR_PATH}/Podfile.lock",
				"${PODS_ROOT}/Manifest.lock",
			);
			name = "[CP] Check Pods Manifest.lock";
			outputPaths = (
				"$(DERIVED_FILE_DIR)/Pods-GospelLibraryTests-checkManifestLockResult.txt",
			);
			runOnlyForDeploymentPostprocessing = 0;
			shellPath = /bin/sh;
			shellScript = "diff \"${PODS_PODFILE_DIR_PATH}/Podfile.lock\" \"${PODS_ROOT}/Manifest.lock\" > /dev/null\nif [ $? != 0 ] ; then\n    # print error to STDERR\n    echo \"error: The sandbox is not in sync with the Podfile.lock. Run 'pod install' or update your CocoaPods installation.\" >&2\n    exit 1\nfi\n# This output is used by Xcode 'outputs' to avoid re-running this script phase.\necho \"SUCCESS\" > \"${SCRIPT_OUTPUT_FILE_0}\"\n";
			showEnvVarsInLog = 0;
		};
		B510641F71B6F320F1B01DA0 /* [CP] Embed Pods Frameworks */ = {
			isa = PBXShellScriptBuildPhase;
			buildActionMask = 2147483647;
			files = (
			);
			inputPaths = (
			);
			name = "[CP] Embed Pods Frameworks";
			outputPaths = (
			);
			runOnlyForDeploymentPostprocessing = 0;
			shellPath = /bin/sh;
			shellScript = "\"${SRCROOT}/Pods/Target Support Files/Pods-GospelLibraryTests/Pods-GospelLibraryTests-frameworks.sh\"\n";
			showEnvVarsInLog = 0;
		};
		E3ABF70C042888B647426391 /* [CP] Check Pods Manifest.lock */ = {
			isa = PBXShellScriptBuildPhase;
			buildActionMask = 2147483647;
			files = (
			);
			inputPaths = (
				"${PODS_PODFILE_DIR_PATH}/Podfile.lock",
				"${PODS_ROOT}/Manifest.lock",
			);
			name = "[CP] Check Pods Manifest.lock";
			outputPaths = (
				"$(DERIVED_FILE_DIR)/Pods-GospelLibrary-checkManifestLockResult.txt",
			);
			runOnlyForDeploymentPostprocessing = 0;
			shellPath = /bin/sh;
			shellScript = "diff \"${PODS_PODFILE_DIR_PATH}/Podfile.lock\" \"${PODS_ROOT}/Manifest.lock\" > /dev/null\nif [ $? != 0 ] ; then\n    # print error to STDERR\n    echo \"error: The sandbox is not in sync with the Podfile.lock. Run 'pod install' or update your CocoaPods installation.\" >&2\n    exit 1\nfi\n# This output is used by Xcode 'outputs' to avoid re-running this script phase.\necho \"SUCCESS\" > \"${SCRIPT_OUTPUT_FILE_0}\"\n";
			showEnvVarsInLog = 0;
		};
/* End PBXShellScriptBuildPhase section */

/* Begin PBXSourcesBuildPhase section */
		D48EBC591F85300F0049CA42 /* Sources */ = {
			isa = PBXSourcesBuildPhase;
			buildActionMask = 2147483647;
			files = (
				D48EBC631F85300F0049CA42 /* ViewController.swift in Sources */,
				D48EBC611F85300F0049CA42 /* AppDelegate.swift in Sources */,
			);
			runOnlyForDeploymentPostprocessing = 0;
		};
		D48EBC6D1F8530100049CA42 /* Sources */ = {
			isa = PBXSourcesBuildPhase;
			buildActionMask = 2147483647;
			files = (
				D48EBC761F8530100049CA42 /* GospelLibraryTests.swift in Sources */,
			);
			runOnlyForDeploymentPostprocessing = 0;
		};
		D48EBC801F8530960049CA42 /* Sources */ = {
			isa = PBXSourcesBuildPhase;
			buildActionMask = 2147483647;
			files = (
				D48EBC871F8530960049CA42 /* GospelLibraryIntegrationTests.swift in Sources */,
			);
			runOnlyForDeploymentPostprocessing = 0;
		};
/* End PBXSourcesBuildPhase section */

/* Begin PBXTargetDependency section */
		D48EBC731F8530100049CA42 /* PBXTargetDependency */ = {
			isa = PBXTargetDependency;
			target = D48EBC5C1F85300F0049CA42 /* GospelLibrary */;
			targetProxy = D48EBC721F8530100049CA42 /* PBXContainerItemProxy */;
		};
		D48EBC8A1F8530960049CA42 /* PBXTargetDependency */ = {
			isa = PBXTargetDependency;
			target = D48EBC5C1F85300F0049CA42 /* GospelLibrary */;
			targetProxy = D48EBC891F8530960049CA42 /* PBXContainerItemProxy */;
		};
/* End PBXTargetDependency section */

/* Begin PBXVariantGroup section */
		D48EBC641F85300F0049CA42 /* Main.storyboard */ = {
			isa = PBXVariantGroup;
			children = (
				D48EBC651F85300F0049CA42 /* Base */,
			);
			name = Main.storyboard;
			sourceTree = "<group>";
		};
		D48EBC691F85300F0049CA42 /* LaunchScreen.storyboard */ = {
			isa = PBXVariantGroup;
			children = (
				D48EBC6A1F85300F0049CA42 /* Base */,
			);
			name = LaunchScreen.storyboard;
			sourceTree = "<group>";
		};
/* End PBXVariantGroup section */

/* Begin XCBuildConfiguration section */
		D48EBC781F8530100049CA42 /* Debug */ = {
			isa = XCBuildConfiguration;
			buildSettings = {
				ALWAYS_SEARCH_USER_PATHS = NO;
				CLANG_ANALYZER_NONNULL = YES;
				CLANG_ANALYZER_NUMBER_OBJECT_CONVERSION = YES_AGGRESSIVE;
				CLANG_CXX_LANGUAGE_STANDARD = "gnu++14";
				CLANG_CXX_LIBRARY = "libc++";
				CLANG_ENABLE_MODULES = YES;
				CLANG_ENABLE_OBJC_ARC = YES;
				CLANG_WARN_BLOCK_CAPTURE_AUTORELEASING = YES;
				CLANG_WARN_BOOL_CONVERSION = YES;
				CLANG_WARN_COMMA = YES;
				CLANG_WARN_CONSTANT_CONVERSION = YES;
				CLANG_WARN_DIRECT_OBJC_ISA_USAGE = YES_ERROR;
				CLANG_WARN_DOCUMENTATION_COMMENTS = YES;
				CLANG_WARN_EMPTY_BODY = YES;
				CLANG_WARN_ENUM_CONVERSION = YES;
				CLANG_WARN_INFINITE_RECURSION = YES;
				CLANG_WARN_INT_CONVERSION = YES;
				CLANG_WARN_NON_LITERAL_NULL_CONVERSION = YES;
				CLANG_WARN_OBJC_LITERAL_CONVERSION = YES;
				CLANG_WARN_OBJC_ROOT_CLASS = YES_ERROR;
				CLANG_WARN_RANGE_LOOP_ANALYSIS = YES;
				CLANG_WARN_STRICT_PROTOTYPES = YES;
				CLANG_WARN_SUSPICIOUS_MOVE = YES;
				CLANG_WARN_UNGUARDED_AVAILABILITY = YES_AGGRESSIVE;
				CLANG_WARN_UNREACHABLE_CODE = YES;
				CLANG_WARN__DUPLICATE_METHOD_MATCH = YES;
				CODE_SIGN_IDENTITY = "iPhone Developer";
				COPY_PHASE_STRIP = NO;
				DEBUG_INFORMATION_FORMAT = dwarf;
				ENABLE_STRICT_OBJC_MSGSEND = YES;
				ENABLE_TESTABILITY = YES;
				GCC_C_LANGUAGE_STANDARD = gnu11;
				GCC_DYNAMIC_NO_PIC = NO;
				GCC_NO_COMMON_BLOCKS = YES;
				GCC_OPTIMIZATION_LEVEL = 0;
				GCC_PREPROCESSOR_DEFINITIONS = (
					"DEBUG=1",
					"$(inherited)",
				);
				GCC_WARN_64_TO_32_BIT_CONVERSION = YES;
				GCC_WARN_ABOUT_RETURN_TYPE = YES_ERROR;
				GCC_WARN_UNDECLARED_SELECTOR = YES;
				GCC_WARN_UNINITIALIZED_AUTOS = YES_AGGRESSIVE;
				GCC_WARN_UNUSED_FUNCTION = YES;
				GCC_WARN_UNUSED_VARIABLE = YES;
				IPHONEOS_DEPLOYMENT_TARGET = 11.0;
				MTL_ENABLE_DEBUG_INFO = YES;
				ONLY_ACTIVE_ARCH = YES;
				SDKROOT = iphoneos;
				SWIFT_ACTIVE_COMPILATION_CONDITIONS = DEBUG;
				SWIFT_OPTIMIZATION_LEVEL = "-Onone";
			};
			name = Debug;
		};
		D48EBC791F8530100049CA42 /* Release */ = {
			isa = XCBuildConfiguration;
			buildSettings = {
				ALWAYS_SEARCH_USER_PATHS = NO;
				CLANG_ANALYZER_NONNULL = YES;
				CLANG_ANALYZER_NUMBER_OBJECT_CONVERSION = YES_AGGRESSIVE;
				CLANG_CXX_LANGUAGE_STANDARD = "gnu++14";
				CLANG_CXX_LIBRARY = "libc++";
				CLANG_ENABLE_MODULES = YES;
				CLANG_ENABLE_OBJC_ARC = YES;
				CLANG_WARN_BLOCK_CAPTURE_AUTORELEASING = YES;
				CLANG_WARN_BOOL_CONVERSION = YES;
				CLANG_WARN_COMMA = YES;
				CLANG_WARN_CONSTANT_CONVERSION = YES;
				CLANG_WARN_DIRECT_OBJC_ISA_USAGE = YES_ERROR;
				CLANG_WARN_DOCUMENTATION_COMMENTS = YES;
				CLANG_WARN_EMPTY_BODY = YES;
				CLANG_WARN_ENUM_CONVERSION = YES;
				CLANG_WARN_INFINITE_RECURSION = YES;
				CLANG_WARN_INT_CONVERSION = YES;
				CLANG_WARN_NON_LITERAL_NULL_CONVERSION = YES;
				CLANG_WARN_OBJC_LITERAL_CONVERSION = YES;
				CLANG_WARN_OBJC_ROOT_CLASS = YES_ERROR;
				CLANG_WARN_RANGE_LOOP_ANALYSIS = YES;
				CLANG_WARN_STRICT_PROTOTYPES = YES;
				CLANG_WARN_SUSPICIOUS_MOVE = YES;
				CLANG_WARN_UNGUARDED_AVAILABILITY = YES_AGGRESSIVE;
				CLANG_WARN_UNREACHABLE_CODE = YES;
				CLANG_WARN__DUPLICATE_METHOD_MATCH = YES;
				CODE_SIGN_IDENTITY = "iPhone Developer";
				COPY_PHASE_STRIP = NO;
				DEBUG_INFORMATION_FORMAT = "dwarf-with-dsym";
				ENABLE_NS_ASSERTIONS = NO;
				ENABLE_STRICT_OBJC_MSGSEND = YES;
				GCC_C_LANGUAGE_STANDARD = gnu11;
				GCC_NO_COMMON_BLOCKS = YES;
				GCC_WARN_64_TO_32_BIT_CONVERSION = YES;
				GCC_WARN_ABOUT_RETURN_TYPE = YES_ERROR;
				GCC_WARN_UNDECLARED_SELECTOR = YES;
				GCC_WARN_UNINITIALIZED_AUTOS = YES_AGGRESSIVE;
				GCC_WARN_UNUSED_FUNCTION = YES;
				GCC_WARN_UNUSED_VARIABLE = YES;
				IPHONEOS_DEPLOYMENT_TARGET = 11.0;
				MTL_ENABLE_DEBUG_INFO = NO;
				SDKROOT = iphoneos;
				SWIFT_OPTIMIZATION_LEVEL = "-Owholemodule";
				VALIDATE_PRODUCT = YES;
			};
			name = Release;
		};
		D48EBC7B1F8530100049CA42 /* Debug */ = {
			isa = XCBuildConfiguration;
			baseConfigurationReference = 9933DD664F37B052B4CEB18A /* Pods-GospelLibrary.debug.xcconfig */;
			buildSettings = {
				ASSETCATALOG_COMPILER_APPICON_NAME = AppIcon;
				CODE_SIGN_STYLE = Automatic;
				INFOPLIST_FILE = GospelLibrary/Info.plist;
				LD_RUNPATH_SEARCH_PATHS = "$(inherited) @executable_path/Frameworks";
				PRODUCT_BUNDLE_IDENTIFIER = org.lds.GospelLibrary;
				PRODUCT_NAME = "$(TARGET_NAME)";
				SWIFT_VERSION = 4.0;
				TARGETED_DEVICE_FAMILY = "1,2";
			};
			name = Debug;
		};
		D48EBC7C1F8530100049CA42 /* Release */ = {
			isa = XCBuildConfiguration;
			baseConfigurationReference = 2E4A125C6C74888D4A65F17B /* Pods-GospelLibrary.release.xcconfig */;
			buildSettings = {
				ASSETCATALOG_COMPILER_APPICON_NAME = AppIcon;
				CODE_SIGN_STYLE = Automatic;
				INFOPLIST_FILE = GospelLibrary/Info.plist;
				LD_RUNPATH_SEARCH_PATHS = "$(inherited) @executable_path/Frameworks";
				PRODUCT_BUNDLE_IDENTIFIER = org.lds.GospelLibrary;
				PRODUCT_NAME = "$(TARGET_NAME)";
				SWIFT_VERSION = 4.0;
				TARGETED_DEVICE_FAMILY = "1,2";
			};
			name = Release;
		};
		D48EBC7E1F8530100049CA42 /* Debug */ = {
			isa = XCBuildConfiguration;
			baseConfigurationReference = B9518AFCB0FCD1F48145A333 /* Pods-GospelLibraryTests.debug.xcconfig */;
			buildSettings = {
				ALWAYS_EMBED_SWIFT_STANDARD_LIBRARIES = YES;
				BUNDLE_LOADER = "$(TEST_HOST)";
				CODE_SIGN_STYLE = Automatic;
				INFOPLIST_FILE = GospelLibraryTests/Info.plist;
				LD_RUNPATH_SEARCH_PATHS = "$(inherited) @executable_path/Frameworks @loader_path/Frameworks";
				PRODUCT_BUNDLE_IDENTIFIER = org.lds.GospelLibraryTests;
				PRODUCT_NAME = "$(TARGET_NAME)";
				SWIFT_VERSION = 4.0;
				TARGETED_DEVICE_FAMILY = "1,2";
				TEST_HOST = "$(BUILT_PRODUCTS_DIR)/GospelLibrary.app/GospelLibrary";
			};
			name = Debug;
		};
		D48EBC7F1F8530100049CA42 /* Release */ = {
			isa = XCBuildConfiguration;
			baseConfigurationReference = 9067AEB5A871680D7F3CEA73 /* Pods-GospelLibraryTests.release.xcconfig */;
			buildSettings = {
				ALWAYS_EMBED_SWIFT_STANDARD_LIBRARIES = YES;
				BUNDLE_LOADER = "$(TEST_HOST)";
				CODE_SIGN_STYLE = Automatic;
				INFOPLIST_FILE = GospelLibraryTests/Info.plist;
				LD_RUNPATH_SEARCH_PATHS = "$(inherited) @executable_path/Frameworks @loader_path/Frameworks";
				PRODUCT_BUNDLE_IDENTIFIER = org.lds.GospelLibraryTests;
				PRODUCT_NAME = "$(TARGET_NAME)";
				SWIFT_VERSION = 4.0;
				TARGETED_DEVICE_FAMILY = "1,2";
				TEST_HOST = "$(BUILT_PRODUCTS_DIR)/GospelLibrary.app/GospelLibrary";
			};
			name = Release;
		};
		D48EBC8B1F8530960049CA42 /* Debug */ = {
			isa = XCBuildConfiguration;
			buildSettings = {
				BUNDLE_LOADER = "$(TEST_HOST)";
				CODE_SIGN_STYLE = Automatic;
				INFOPLIST_FILE = GospelLibraryIntegrationTests/Info.plist;
				LD_RUNPATH_SEARCH_PATHS = "$(inherited) @executable_path/Frameworks @loader_path/Frameworks";
				PRODUCT_BUNDLE_IDENTIFIER = org.lds.GospelLibraryIntegrationTests;
				PRODUCT_NAME = "$(TARGET_NAME)";
				SWIFT_VERSION = 4.0;
				TARGETED_DEVICE_FAMILY = "1,2";
				TEST_HOST = "$(BUILT_PRODUCTS_DIR)/GospelLibrary.app/GospelLibrary";
			};
			name = Debug;
		};
		D48EBC8C1F8530960049CA42 /* Release */ = {
			isa = XCBuildConfiguration;
			buildSettings = {
				BUNDLE_LOADER = "$(TEST_HOST)";
				CODE_SIGN_STYLE = Automatic;
				INFOPLIST_FILE = GospelLibraryIntegrationTests/Info.plist;
				LD_RUNPATH_SEARCH_PATHS = "$(inherited) @executable_path/Frameworks @loader_path/Frameworks";
				PRODUCT_BUNDLE_IDENTIFIER = org.lds.GospelLibraryIntegrationTests;
				PRODUCT_NAME = "$(TARGET_NAME)";
				SWIFT_VERSION = 4.0;
				TARGETED_DEVICE_FAMILY = "1,2";
				TEST_HOST = "$(BUILT_PRODUCTS_DIR)/GospelLibrary.app/GospelLibrary";
			};
			name = Release;
		};
/* End XCBuildConfiguration section */

/* Begin XCConfigurationList section */
		D48EBC581F85300F0049CA42 /* Build configuration list for PBXProject "GospelLibrary" */ = {
			isa = XCConfigurationList;
			buildConfigurations = (
				D48EBC781F8530100049CA42 /* Debug */,
				D48EBC791F8530100049CA42 /* Release */,
			);
			defaultConfigurationIsVisible = 0;
			defaultConfigurationName = Release;
		};
		D48EBC7A1F8530100049CA42 /* Build configuration list for PBXNativeTarget "GospelLibrary" */ = {
			isa = XCConfigurationList;
			buildConfigurations = (
				D48EBC7B1F8530100049CA42 /* Debug */,
				D48EBC7C1F8530100049CA42 /* Release */,
			);
			defaultConfigurationIsVisible = 0;
			defaultConfigurationName = Release;
		};
		D48EBC7D1F8530100049CA42 /* Build configuration list for PBXNativeTarget "GospelLibraryTests" */ = {
			isa = XCConfigurationList;
			buildConfigurations = (
				D48EBC7E1F8530100049CA42 /* Debug */,
				D48EBC7F1F8530100049CA42 /* Release */,
			);
			defaultConfigurationIsVisible = 0;
			defaultConfigurationName = Release;
		};
		D48EBC8D1F8530960049CA42 /* Build configuration list for PBXNativeTarget "GospelLibraryIntegrationTests" */ = {
			isa = XCConfigurationList;
			buildConfigurations = (
				D48EBC8B1F8530960049CA42 /* Debug */,
				D48EBC8C1F8530960049CA42 /* Release */,
			);
			defaultConfigurationIsVisible = 0;
			defaultConfigurationName = Release;
		};
/* End XCConfigurationList section */
	};
	rootObject = D48EBC551F85300F0049CA42 /* Project object */;
}
